// !$*UTF8*$!
{
	archiveVersion = 1;
	classes = {
	};
	objectVersion = 50;
	objects = {

/* Begin PBXBuildFile section */
		8AB27F4A26FE0B0900DAF426 /* AppleStoreSideNavbarApp.swift in Sources */ = {isa = PBXBuildFile; fileRef = 8AB27F4926FE0B0900DAF426 /* AppleStoreSideNavbarApp.swift */; };
		8AB27F4C26FE0B0900DAF426 /* ContentView.swift in Sources */ = {isa = PBXBuildFile; fileRef = 8AB27F4B26FE0B0900DAF426 /* ContentView.swift */; };
		8AB27F4E26FE0B0B00DAF426 /* Assets.xcassets in Resources */ = {isa = PBXBuildFile; fileRef = 8AB27F4D26FE0B0B00DAF426 /* Assets.xcassets */; };
		8AB27F5126FE0B0B00DAF426 /* Preview Assets.xcassets in Resources */ = {isa = PBXBuildFile; fileRef = 8AB27F5026FE0B0B00DAF426 /* Preview Assets.xcassets */; };
		8AB27F5B26FE0B5300DAF426 /* Home.swift in Sources */ = {isa = PBXBuildFile; fileRef = 8AB27F5A26FE0B5300DAF426 /* Home.swift */; };
		8AB27F5D26FE0E0A00DAF426 /* Drawer.swift in Sources */ = {isa = PBXBuildFile; fileRef = 8AB27F5C26FE0E0A00DAF426 /* Drawer.swift */; };
		8AB27F5F26FE13AF00DAF426 /* MenuButton.swift in Sources */ = {isa = PBXBuildFile; fileRef = 8AB27F5E26FE13AF00DAF426 /* MenuButton.swift */; };
		8AB27F6126FE143600DAF426 /* MenuModel.swift in Sources */ = {isa = PBXBuildFile; fileRef = 8AB27F6026FE143600DAF426 /* MenuModel.swift */; };
		8AB27F6426FE259100DAF426 /* Favourites.swift in Sources */ = {isa = PBXBuildFile; fileRef = 8AB27F6326FE259100DAF426 /* Favourites.swift */; };
		8AB27F6626FE25AA00DAF426 /* Orders.swift in Sources */ = {isa = PBXBuildFile; fileRef = 8AB27F6526FE25AA00DAF426 /* Orders.swift */; };
		8AB27F6826FE25B100DAF426 /* Cart.swift in Sources */ = {isa = PBXBuildFile; fileRef = 8AB27F6726FE25B100DAF426 /* Cart.swift */; };
		8AB27F6A26FE25BF00DAF426 /* Catalogue.swift in Sources */ = {isa = PBXBuildFile; fileRef = 8AB27F6926FE25BF00DAF426 /* Catalogue.swift */; };
/* End PBXBuildFile section */

/* Begin PBXFileReference section */
		8AB27F4626FE0B0900DAF426 /* AppleStoreSideNavbar.app */ = {isa = PBXFileReference; explicitFileType = wrapper.application; includeInIndex = 0; path = AppleStoreSideNavbar.app; sourceTree = BUILT_PRODUCTS_DIR; };
		8AB27F4926FE0B0900DAF426 /* AppleStoreSideNavbarApp.swift */ = {isa = PBXFileReference; lastKnownFileType = sourcecode.swift; path = AppleStoreSideNavbarApp.swift; sourceTree = "<group>"; };
		8AB27F4B26FE0B0900DAF426 /* ContentView.swift */ = {isa = PBXFileReference; lastKnownFileType = sourcecode.swift; path = ContentView.swift; sourceTree = "<group>"; };
		8AB27F4D26FE0B0B00DAF426 /* Assets.xcassets */ = {isa = PBXFileReference; lastKnownFileType = folder.assetcatalog; path = Assets.xcassets; sourceTree = "<group>"; };
		8AB27F5026FE0B0B00DAF426 /* Preview Assets.xcassets */ = {isa = PBXFileReference; lastKnownFileType = folder.assetcatalog; path = "Preview Assets.xcassets"; sourceTree = "<group>"; };
		8AB27F5226FE0B0B00DAF426 /* Info.plist */ = {isa = PBXFileReference; lastKnownFileType = text.plist.xml; path = Info.plist; sourceTree = "<group>"; };
		8AB27F5A26FE0B5300DAF426 /* Home.swift */ = {isa = PBXFileReference; lastKnownFileType = sourcecode.swift; path = Home.swift; sourceTree = "<group>"; };
		8AB27F5C26FE0E0A00DAF426 /* Drawer.swift */ = {isa = PBXFileReference; lastKnownFileType = sourcecode.swift; path = Drawer.swift; sourceTree = "<group>"; };
		8AB27F5E26FE13AF00DAF426 /* MenuButton.swift */ = {isa = PBXFileReference; lastKnownFileType = sourcecode.swift; path = MenuButton.swift; sourceTree = "<group>"; };
		8AB27F6026FE143600DAF426 /* MenuModel.swift */ = {isa = PBXFileReference; lastKnownFileType = sourcecode.swift; path = MenuModel.swift; sourceTree = "<group>"; };
		8AB27F6326FE259100DAF426 /* Favourites.swift */ = {isa = PBXFileReference; lastKnownFileType = sourcecode.swift; path = Favourites.swift; sourceTree = "<group>"; };
		8AB27F6526FE25AA00DAF426 /* Orders.swift */ = {isa = PBXFileReference; lastKnownFileType = sourcecode.swift; path = Orders.swift; sourceTree = "<group>"; };
		8AB27F6726FE25B100DAF426 /* Cart.swift */ = {isa = PBXFileReference; lastKnownFileType = sourcecode.swift; path = Cart.swift; sourceTree = "<group>"; };
		8AB27F6926FE25BF00DAF426 /* Catalogue.swift */ = {isa = PBXFileReference; lastKnownFileType = sourcecode.swift; path = Catalogue.swift; sourceTree = "<group>"; };
/* End PBXFileReference section */

/* Begin PBXFrameworksBuildPhase section */
		8AB27F4326FE0B0900DAF426 /* Frameworks */ = {
			isa = PBXFrameworksBuildPhase;
			buildActionMask = 2147483647;
			files = (
			);
			runOnlyForDeploymentPostprocessing = 0;
		};
/* End PBXFrameworksBuildPhase section */

/* Begin PBXGroup section */
		8AB27F3D26FE0B0900DAF426 = {
			isa = PBXGroup;
			children = (
				8AB27F4826FE0B0900DAF426 /* AppleStoreSideNavbar */,
				8AB27F4726FE0B0900DAF426 /* Products */,
			);
			sourceTree = "<group>";
		};
		8AB27F4726FE0B0900DAF426 /* Products */ = {
			isa = PBXGroup;
			children = (
				8AB27F4626FE0B0900DAF426 /* AppleStoreSideNavbar.app */,
			);
			name = Products;
			sourceTree = "<group>";
		};
		8AB27F4826FE0B0900DAF426 /* AppleStoreSideNavbar */ = {
			isa = PBXGroup;
			children = (
				8AB27F5926FE0B4000DAF426 /* ViewModel */,
				8AB27F5826FE0B3900DAF426 /* View */,
				8AB27F4926FE0B0900DAF426 /* AppleStoreSideNavbarApp.swift */,
				8AB27F4B26FE0B0900DAF426 /* ContentView.swift */,
				8AB27F4D26FE0B0B00DAF426 /* Assets.xcassets */,
				8AB27F5226FE0B0B00DAF426 /* Info.plist */,
				8AB27F4F26FE0B0B00DAF426 /* Preview Content */,
			);
			path = AppleStoreSideNavbar;
			sourceTree = "<group>";
		};
		8AB27F4F26FE0B0B00DAF426 /* Preview Content */ = {
			isa = PBXGroup;
			children = (
				8AB27F5026FE0B0B00DAF426 /* Preview Assets.xcassets */,
			);
			path = "Preview Content";
			sourceTree = "<group>";
		};
		8AB27F5826FE0B3900DAF426 /* View */ = {
			isa = PBXGroup;
			children = (
				8AB27F6226FE257F00DAF426 /* SubViews */,
				8AB27F5A26FE0B5300DAF426 /* Home.swift */,
				8AB27F5C26FE0E0A00DAF426 /* Drawer.swift */,
				8AB27F5E26FE13AF00DAF426 /* MenuButton.swift */,
			);
			path = View;
			sourceTree = "<group>";
		};
		8AB27F5926FE0B4000DAF426 /* ViewModel */ = {
			isa = PBXGroup;
			children = (
				8AB27F6026FE143600DAF426 /* MenuModel.swift */,
			);
			path = ViewModel;
			sourceTree = "<group>";
		};
		8AB27F6226FE257F00DAF426 /* SubViews */ = {
			isa = PBXGroup;
			children = (
				8AB27F6326FE259100DAF426 /* Favourites.swift */,
				8AB27F6526FE25AA00DAF426 /* Orders.swift */,
				8AB27F6726FE25B100DAF426 /* Cart.swift */,
				8AB27F6926FE25BF00DAF426 /* Catalogue.swift */,
			);
			path = SubViews;
			sourceTree = "<group>";
		};
/* End PBXGroup section */

/* Begin PBXNativeTarget section */
		8AB27F4526FE0B0900DAF426 /* AppleStoreSideNavbar */ = {
			isa = PBXNativeTarget;
			buildConfigurationList = 8AB27F5526FE0B0B00DAF426 /* Build configuration list for PBXNativeTarget "AppleStoreSideNavbar" */;
			buildPhases = (
				8AB27F4226FE0B0900DAF426 /* Sources */,
				8AB27F4326FE0B0900DAF426 /* Frameworks */,
				8AB27F4426FE0B0900DAF426 /* Resources */,
			);
			buildRules = (
			);
			dependencies = (
			);
			name = AppleStoreSideNavbar;
			productName = AppleStoreSideNavbar;
			productReference = 8AB27F4626FE0B0900DAF426 /* AppleStoreSideNavbar.app */;
			productType = "com.apple.product-type.application";
		};
/* End PBXNativeTarget section */

/* Begin PBXProject section */
		8AB27F3E26FE0B0900DAF426 /* Project object */ = {
			isa = PBXProject;
			attributes = {
				LastSwiftUpdateCheck = 1250;
				LastUpgradeCheck = 1250;
				TargetAttributes = {
					8AB27F4526FE0B0900DAF426 = {
						CreatedOnToolsVersion = 12.5.1;
					};
				};
			};
			buildConfigurationList = 8AB27F4126FE0B0900DAF426 /* Build configuration list for PBXProject "AppleStoreSideNavbar" */;
			compatibilityVersion = "Xcode 9.3";
			developmentRegion = en;
			hasScannedForEncodings = 0;
			knownRegions = (
				en,
				Base,
			);
			mainGroup = 8AB27F3D26FE0B0900DAF426;
			productRefGroup = 8AB27F4726FE0B0900DAF426 /* Products */;
			projectDirPath = "";
			projectRoot = "";
			targets = (
				8AB27F4526FE0B0900DAF426 /* AppleStoreSideNavbar */,
			);
		};
/* End PBXProject section */

/* Begin PBXResourcesBuildPhase section */
		8AB27F4426FE0B0900DAF426 /* Resources */ = {
			isa = PBXResourcesBuildPhase;
			buildActionMask = 2147483647;
			files = (
				8AB27F5126FE0B0B00DAF426 /* Preview Assets.xcassets in Resources */,
				8AB27F4E26FE0B0B00DAF426 /* Assets.xcassets in Resources */,
			);
			runOnlyForDeploymentPostprocessing = 0;
		};
/* End PBXResourcesBuildPhase section */

/* Begin PBXSourcesBuildPhase section */
		8AB27F4226FE0B0900DAF426 /* Sources */ = {
			isa = PBXSourcesBuildPhase;
			buildActionMask = 2147483647;
			files = (
				8AB27F5D26FE0E0A00DAF426 /* Drawer.swift in Sources */,
				8AB27F6826FE25B100DAF426 /* Cart.swift in Sources */,
				8AB27F6426FE259100DAF426 /* Favourites.swift in Sources */,
				8AB27F4C26FE0B0900DAF426 /* ContentView.swift in Sources */,
				8AB27F6126FE143600DAF426 /* MenuModel.swift in Sources */,
				8AB27F5F26FE13AF00DAF426 /* MenuButton.swift in Sources */,
				8AB27F5B26FE0B5300DAF426 /* Home.swift in Sources */,
				8AB27F6626FE25AA00DAF426 /* Orders.swift in Sources */,
				8AB27F4A26FE0B0900DAF426 /* AppleStoreSideNavbarApp.swift in Sources */,
				8AB27F6A26FE25BF00DAF426 /* Catalogue.swift in Sources */,
			);
			runOnlyForDeploymentPostprocessing = 0;
		};
/* End PBXSourcesBuildPhase section */

/* Begin XCBuildConfiguration section */
		8AB27F5326FE0B0B00DAF426 /* Debug */ = {
			isa = XCBuildConfiguration;
			buildSettings = {
				ALWAYS_SEARCH_USER_PATHS = NO;
				CLANG_ANALYZER_NONNULL = YES;
				CLANG_ANALYZER_NUMBER_OBJECT_CONVERSION = YES_AGGRESSIVE;
				CLANG_CXX_LANGUAGE_STANDARD = "gnu++14";
				CLANG_CXX_LIBRARY = "libc++";
				CLANG_ENABLE_MODULES = YES;
				CLANG_ENABLE_OBJC_ARC = YES;
				CLANG_ENABLE_OBJC_WEAK = YES;
				CLANG_WARN_BLOCK_CAPTURE_AUTORELEASING = YES;
				CLANG_WARN_BOOL_CONVERSION = YES;
				CLANG_WARN_COMMA = YES;
				CLANG_WARN_CONSTANT_CONVERSION = YES;
				CLANG_WARN_DEPRECATED_OBJC_IMPLEMENTATIONS = YES;
				CLANG_WARN_DIRECT_OBJC_ISA_USAGE = YES_ERROR;
				CLANG_WARN_DOCUMENTATION_COMMENTS = YES;
				CLANG_WARN_EMPTY_BODY = YES;
				CLANG_WARN_ENUM_CONVERSION = YES;
				CLANG_WARN_INFINITE_RECURSION = YES;
				CLANG_WARN_INT_CONVERSION = YES;
				CLANG_WARN_NON_LITERAL_NULL_CONVERSION = YES;
				CLANG_WARN_OBJC_IMPLICIT_RETAIN_SELF = YES;
				CLANG_WARN_OBJC_LITERAL_CONVERSION = YES;
				CLANG_WARN_OBJC_ROOT_CLASS = YES_ERROR;
				CLANG_WARN_QUOTED_INCLUDE_IN_FRAMEWORK_HEADER = YES;
				CLANG_WARN_RANGE_LOOP_ANALYSIS = YES;
				CLANG_WARN_STRICT_PROTOTYPES = YES;
				CLANG_WARN_SUSPICIOUS_MOVE = YES;
				CLANG_WARN_UNGUARDED_AVAILABILITY = YES_AGGRESSIVE;
				CLANG_WARN_UNREACHABLE_CODE = YES;
				CLANG_WARN__DUPLICATE_METHOD_MATCH = YES;
				COPY_PHASE_STRIP = NO;
				DEBUG_INFORMATION_FORMAT = dwarf;
				ENABLE_STRICT_OBJC_MSGSEND = YES;
				ENABLE_TESTABILITY = YES;
				GCC_C_LANGUAGE_STANDARD = gnu11;
				GCC_DYNAMIC_NO_PIC = NO;
				GCC_NO_COMMON_BLOCKS = YES;
				GCC_OPTIMIZATION_LEVEL = 0;
				GCC_PREPROCESSOR_DEFINITIONS = (
					"DEBUG=1",
					"$(inherited)",
				);
				GCC_WARN_64_TO_32_BIT_CONVERSION = YES;
				GCC_WARN_ABOUT_RETURN_TYPE = YES_ERROR;
				GCC_WARN_UNDECLARED_SELECTOR = YES;
				GCC_WARN_UNINITIALIZED_AUTOS = YES_AGGRESSIVE;
				GCC_WARN_UNUSED_FUNCTION = YES;
				GCC_WARN_UNUSED_VARIABLE = YES;
				IPHONEOS_DEPLOYMENT_TARGET = 14.5;
				MTL_ENABLE_DEBUG_INFO = INCLUDE_SOURCE;
				MTL_FAST_MATH = YES;
				ONLY_ACTIVE_ARCH = YES;
				SDKROOT = iphoneos;
				SWIFT_ACTIVE_COMPILATION_CONDITIONS = DEBUG;
				SWIFT_OPTIMIZATION_LEVEL = "-Onone";
			};
			name = Debug;
		};
		8AB27F5426FE0B0B00DAF426 /* Release */ = {
			isa = XCBuildConfiguration;
			buildSettings = {
				ALWAYS_SEARCH_USER_PATHS = NO;
				CLANG_ANALYZER_NONNULL = YES;
				CLANG_ANALYZER_NUMBER_OBJECT_CONVERSION = YES_AGGRESSIVE;
				CLANG_CXX_LANGUAGE_STANDARD = "gnu++14";
				CLANG_CXX_LIBRARY = "libc++";
				CLANG_ENABLE_MODULES = YES;
				CLANG_ENABLE_OBJC_ARC = YES;
				CLANG_ENABLE_OBJC_WEAK = YES;
				CLANG_WARN_BLOCK_CAPTURE_AUTORELEASING = YES;
				CLANG_WARN_BOOL_CONVERSION = YES;
				CLANG_WARN_COMMA = YES;
				CLANG_WARN_CONSTANT_CONVERSION = YES;
				CLANG_WARN_DEPRECATED_OBJC_IMPLEMENTATIONS = YES;
				CLANG_WARN_DIRECT_OBJC_ISA_USAGE = YES_ERROR;
				CLANG_WARN_DOCUMENTATION_COMMENTS = YES;
				CLANG_WARN_EMPTY_BODY = YES;
				CLANG_WARN_ENUM_CONVERSION = YES;
				CLANG_WARN_INFINITE_RECURSION = YES;
				CLANG_WARN_INT_CONVERSION = YES;
				CLANG_WARN_NON_LITERAL_NULL_CONVERSION = YES;
				CLANG_WARN_OBJC_IMPLICIT_RETAIN_SELF = YES;
				CLANG_WARN_OBJC_LITERAL_CONVERSION = YES;
				CLANG_WARN_OBJC_ROOT_CLASS = YES_ERROR;
				CLANG_WARN_QUOTED_INCLUDE_IN_FRAMEWORK_HEADER = YES;
				CLANG_WARN_RANGE_LOOP_ANALYSIS = YES;
				CLANG_WARN_STRICT_PROTOTYPES = YES;
				CLANG_WARN_SUSPICIOUS_MOVE = YES;
				CLANG_WARN_UNGUARDED_AVAILABILITY = YES_AGGRESSIVE;
				CLANG_WARN_UNREACHABLE_CODE = YES;
				CLANG_WARN__DUPLICATE_METHOD_MATCH = YES;
				COPY_PHASE_STRIP = NO;
				DEBUG_INFORMATION_FORMAT = "dwarf-with-dsym";
				ENABLE_NS_ASSERTIONS = NO;
				ENABLE_STRICT_OBJC_MSGSEND = YES;
				GCC_C_LANGUAGE_STANDARD = gnu11;
				GCC_NO_COMMON_BLOCKS = YES;
				GCC_WARN_64_TO_32_BIT_CONVERSION = YES;
				GCC_WARN_ABOUT_RETURN_TYPE = YES_ERROR;
				GCC_WARN_UNDECLARED_SELECTOR = YES;
				GCC_WARN_UNINITIALIZED_AUTOS = YES_AGGRESSIVE;
				GCC_WARN_UNUSED_FUNCTION = YES;
				GCC_WARN_UNUSED_VARIABLE = YES;
				IPHONEOS_DEPLOYMENT_TARGET = 14.5;
				MTL_ENABLE_DEBUG_INFO = NO;
				MTL_FAST_MATH = YES;
				SDKROOT = iphoneos;
				SWIFT_COMPILATION_MODE = wholemodule;
				SWIFT_OPTIMIZATION_LEVEL = "-O";
				VALIDATE_PRODUCT = YES;
			};
			name = Release;
		};
		8AB27F5626FE0B0B00DAF426 /* Debug */ = {
			isa = XCBuildConfiguration;
			buildSettings = {
				ASSETCATALOG_COMPILER_APPICON_NAME = AppIcon;
				ASSETCATALOG_COMPILER_GLOBAL_ACCENT_COLOR_NAME = AccentColor;
				CODE_SIGN_STYLE = Automatic;
				DEVELOPMENT_ASSET_PATHS = "\"AppleStoreSideNavbar/Preview Content\"";
				DEVELOPMENT_TEAM = F8C6S2Q8MC;
				ENABLE_PREVIEWS = YES;
				INFOPLIST_FILE = AppleStoreSideNavbar/Info.plist;
				IPHONEOS_DEPLOYMENT_TARGET = 14.0;
				LD_RUNPATH_SEARCH_PATHS = (
					"$(inherited)",
					"@executable_path/Frameworks",
				);
				PRODUCT_BUNDLE_IDENTIFIER = com.satya.AppleStoreSideNavbar;
				PRODUCT_NAME = "$(TARGET_NAME)";
				SWIFT_VERSION = 5.0;
				TARGETED_DEVICE_FAMILY = "1,2";
			};
			name = Debug;
		};
		8AB27F5726FE0B0B00DAF426 /* Release */ = {
			isa = XCBuildConfiguration;
			buildSettings = {
				ASSETCATALOG_COMPILER_APPICON_NAME = AppIcon;
				ASSETCATALOG_COMPILER_GLOBAL_ACCENT_COLOR_NAME = AccentColor;
				CODE_SIGN_STYLE = Automatic;
				DEVELOPMENT_ASSET_PATHS = "\"AppleStoreSideNavbar/Preview Content\"";
				DEVELOPMENT_TEAM = F8C6S2Q8MC;
				ENABLE_PREVIEWS = YES;
				INFOPLIST_FILE = AppleStoreSideNavbar/Info.plist;
				IPHONEOS_DEPLOYMENT_TARGET = 14.0;
				LD_RUNPATH_SEARCH_PATHS = (
					"$(inherited)",
					"@executable_path/Frameworks",
				);
				PRODUCT_BUNDLE_IDENTIFIER = com.satya.AppleStoreSideNavbar;
				PRODUCT_NAME = "$(TARGET_NAME)";
				SWIFT_VERSION = 5.0;
				TARGETED_DEVICE_FAMILY = "1,2";
			};
			name = Release;
		};
/* End XCBuildConfiguration section */

/* Begin XCConfigurationList section */
		8AB27F4126FE0B0900DAF426 /* Build configuration list for PBXProject "AppleStoreSideNavbar" */ = {
			isa = XCConfigurationList;
			buildConfigurations = (
				8AB27F5326FE0B0B00DAF426 /* Debug */,
				8AB27F5426FE0B0B00DAF426 /* Release */,
			);
			defaultConfigurationIsVisible = 0;
			defaultConfigurationName = Release;
		};
		8AB27F5526FE0B0B00DAF426 /* Build configuration list for PBXNativeTarget "AppleStoreSideNavbar" */ = {
			isa = XCConfigurationList;
			buildConfigurations = (
				8AB27F5626FE0B0B00DAF426 /* Debug */,
				8AB27F5726FE0B0B00DAF426 /* Release */,
			);
			defaultConfigurationIsVisible = 0;
			defaultConfigurationName = Release;
		};
/* End XCConfigurationList section */
	};
	rootObject = 8AB27F3E26FE0B0900DAF426 /* Project object */;
}
